
Microsoft Visual Studio Solution File, Format Version 12.00
# Visual Studio Version 17
VisualStudioVersion = 17.13.35931.197 d17.13
MinimumVisualStudioVersion = 10.0.40219.1
Project("{FAE04EC0-301F-11D3-BF4B-00C04F79EFBC}") = "Air1", "Air1.csproj", "{7E502CBD-ED1E-4627-B440-C65132814A05}"
EndProject
Global
	GlobalSection(SolutionConfigurationPlatforms) = preSolution
		Debug|Any CPU = Debug|Any CPU
		Release|Any CPU = Release|Any CPU
	EndGlobalSection
	GlobalSection(ProjectConfigurationPlatforms) = postSolution
		{7E502CBD-ED1E-4627-B440-C65132814A05}.Debug|Any CPU.ActiveCfg = Debug|Any CPU
		{7E502CBD-ED1E-4627-B440-C65132814A05}.Debug|Any CPU.Build.0 = Debug|Any CPU
		{7E502CBD-ED1E-4627-B440-C65132814A05}.Release|Any CPU.ActiveCfg = Release|Any CPU
		{7E502CBD-ED1E-4627-B440-C65132814A05}.Release|Any CPU.Build.0 = Release|Any CPU
	EndGlobalSection
	GlobalSection(SolutionProperties) = preSolution
		HideSolutionNode = FALSE
	EndGlobalSection
	GlobalSection(ExtensibilityGlobals) = postSolution
		SolutionGuid = {56EC92F7-9DD7-4074-A09C-0B51125FC86D}
	EndGlobalSection
EndGlobal
